// !$*UTF8*$!
{
	archiveVersion = 1;
	classes = {
	};
	objectVersion = 77;
	objects = {

/* Begin PBXContainerItemProxy section */
		DB7FE0C92CB2CCF5008B7D2E /* PBXContainerItemProxy */ = {
			isa = PBXContainerItemProxy;
			containerPortal = DB7FE0B02CB2CCF3008B7D2E /* Project object */;
			proxyType = 1;
			remoteGlobalIDString = DB7FE0B72CB2CCF3008B7D2E;
			remoteInfo = ADD.3.0;
		};
		DB7FE0D32CB2CCF5008B7D2E /* PBXContainerItemProxy */ = {
			isa = PBXContainerItemProxy;
			containerPortal = DB7FE0B02CB2CCF3008B7D2E /* Project object */;
			proxyType = 1;
			remoteGlobalIDString = DB7FE0B72CB2CCF3008B7D2E;
			remoteInfo = ADD.3.0;
		};
/* End PBXContainerItemProxy section */

/* Begin PBXFileReference section */
		DB7FE0B82CB2CCF3008B7D2E /* ADD.3.0.app */ = {isa = PBXFileReference; explicitFileType = wrapper.application; includeInIndex = 0; path = ADD.3.0.app; sourceTree = BUILT_PRODUCTS_DIR; };
		DB7FE0C82CB2CCF5008B7D2E /* ADD.3.0Tests.xctest */ = {isa = PBXFileReference; explicitFileType = wrapper.cfbundle; includeInIndex = 0; path = ADD.3.0Tests.xctest; sourceTree = BUILT_PRODUCTS_DIR; };
		DB7FE0D22CB2CCF5008B7D2E /* ADD.3.0UITests.xctest */ = {isa = PBXFileReference; explicitFileType = wrapper.cfbundle; includeInIndex = 0; path = ADD.3.0UITests.xctest; sourceTree = BUILT_PRODUCTS_DIR; };
/* End PBXFileReference section */

/* Begin PBXFileSystemSynchronizedRootGroup section */
		DB7FE0BA2CB2CCF3008B7D2E /* ADD.3.0 */ = {
			isa = PBXFileSystemSynchronizedRootGroup;
			path = ADD.3.0;
			sourceTree = "<group>";
		};
		DB7FE0CB2CB2CCF5008B7D2E /* ADD.3.0Tests */ = {
			isa = PBXFileSystemSynchronizedRootGroup;
			path = ADD.3.0Tests;
			sourceTree = "<group>";
		};
		DB7FE0D52CB2CCF5008B7D2E /* ADD.3.0UITests */ = {
			isa = PBXFileSystemSynchronizedRootGroup;
			path = ADD.3.0UITests;
			sourceTree = "<group>";
		};
/* End PBXFileSystemSynchronizedRootGroup section */

/* Begin PBXFrameworksBuildPhase section */
		DB7FE0B52CB2CCF3008B7D2E /* Frameworks */ = {
			isa = PBXFrameworksBuildPhase;
			buildActionMask = 2147483647;
			files = (
			);
			runOnlyForDeploymentPostprocessing = 0;
		};
		DB7FE0C52CB2CCF5008B7D2E /* Frameworks */ = {
			isa = PBXFrameworksBuildPhase;
			buildActionMask = 2147483647;
			files = (
			);
			runOnlyForDeploymentPostprocessing = 0;
		};
		DB7FE0CF2CB2CCF5008B7D2E /* Frameworks */ = {
			isa = PBXFrameworksBuildPhase;
			buildActionMask = 2147483647;
			files = (
			);
			runOnlyForDeploymentPostprocessing = 0;
		};
/* End PBXFrameworksBuildPhase section */

/* Begin PBXGroup section */
		DB7FE0AF2CB2CCF3008B7D2E = {
			isa = PBXGroup;
			children = (
				DB7FE0BA2CB2CCF3008B7D2E /* ADD.3.0 */,
				DB7FE0CB2CB2CCF5008B7D2E /* ADD.3.0Tests */,
				DB7FE0D52CB2CCF5008B7D2E /* ADD.3.0UITests */,
				DB7FE0B92CB2CCF3008B7D2E /* Products */,
			);
			sourceTree = "<group>";
		};
		DB7FE0B92CB2CCF3008B7D2E /* Products */ = {
			isa = PBXGroup;
			children = (
				DB7FE0B82CB2CCF3008B7D2E /* ADD.3.0.app */,
				DB7FE0C82CB2CCF5008B7D2E /* ADD.3.0Tests.xctest */,
				DB7FE0D22CB2CCF5008B7D2E /* ADD.3.0UITests.xctest */,
			);
			name = Products;
			sourceTree = "<group>";
		};
/* End PBXGroup section */

/* Begin PBXNativeTarget section */
		DB7FE0B72CB2CCF3008B7D2E /* ADD.3.0 */ = {
			isa = PBXNativeTarget;
			buildConfigurationList = DB7FE0DC2CB2CCF5008B7D2E /* Build configuration list for PBXNativeTarget "ADD.3.0" */;
			buildPhases = (
				DB7FE0B42CB2CCF3008B7D2E /* Sources */,
				DB7FE0B52CB2CCF3008B7D2E /* Frameworks */,
				DB7FE0B62CB2CCF3008B7D2E /* Resources */,
			);
			buildRules = (
			);
			dependencies = (
			);
			fileSystemSynchronizedGroups = (
				DB7FE0BA2CB2CCF3008B7D2E /* ADD.3.0 */,
			);
			name = ADD.3.0;
			packageProductDependencies = (
			);
			productName = ADD.3.0;
			productReference = DB7FE0B82CB2CCF3008B7D2E /* ADD.3.0.app */;
			productType = "com.apple.product-type.application";
		};
		DB7FE0C72CB2CCF5008B7D2E /* ADD.3.0Tests */ = {
			isa = PBXNativeTarget;
			buildConfigurationList = DB7FE0DF2CB2CCF5008B7D2E /* Build configuration list for PBXNativeTarget "ADD.3.0Tests" */;
			buildPhases = (
				DB7FE0C42CB2CCF5008B7D2E /* Sources */,
				DB7FE0C52CB2CCF5008B7D2E /* Frameworks */,
				DB7FE0C62CB2CCF5008B7D2E /* Resources */,
			);
			buildRules = (
			);
			dependencies = (
				DB7FE0CA2CB2CCF5008B7D2E /* PBXTargetDependency */,
			);
			fileSystemSynchronizedGroups = (
				DB7FE0CB2CB2CCF5008B7D2E /* ADD.3.0Tests */,
			);
			name = ADD.3.0Tests;
			packageProductDependencies = (
			);
			productName = ADD.3.0Tests;
			productReference = DB7FE0C82CB2CCF5008B7D2E /* ADD.3.0Tests.xctest */;
			productType = "com.apple.product-type.bundle.unit-test";
		};
		DB7FE0D12CB2CCF5008B7D2E /* ADD.3.0UITests */ = {
			isa = PBXNativeTarget;
			buildConfigurationList = DB7FE0E22CB2CCF5008B7D2E /* Build configuration list for PBXNativeTarget "ADD.3.0UITests" */;
			buildPhases = (
				DB7FE0CE2CB2CCF5008B7D2E /* Sources */,
				DB7FE0CF2CB2CCF5008B7D2E /* Frameworks */,
				DB7FE0D02CB2CCF5008B7D2E /* Resources */,
			);
			buildRules = (
			);
			dependencies = (
				DB7FE0D42CB2CCF5008B7D2E /* PBXTargetDependency */,
			);
			fileSystemSynchronizedGroups = (
				DB7FE0D52CB2CCF5008B7D2E /* ADD.3.0UITests */,
			);
			name = ADD.3.0UITests;
			packageProductDependencies = (
			);
			productName = ADD.3.0UITests;
			productReference = DB7FE0D22CB2CCF5008B7D2E /* ADD.3.0UITests.xctest */;
			productType = "com.apple.product-type.bundle.ui-testing";
		};
/* End PBXNativeTarget section */

/* Begin PBXProject section */
		DB7FE0B02CB2CCF3008B7D2E /* Project object */ = {
			isa = PBXProject;
			attributes = {
				BuildIndependentTargetsInParallel = 1;
				LastSwiftUpdateCheck = 1600;
				LastUpgradeCheck = 1600;
				TargetAttributes = {
					DB7FE0B72CB2CCF3008B7D2E = {
						CreatedOnToolsVersion = 16.0;
					};
					DB7FE0C72CB2CCF5008B7D2E = {
						CreatedOnToolsVersion = 16.0;
						TestTargetID = DB7FE0B72CB2CCF3008B7D2E;
					};
					DB7FE0D12CB2CCF5008B7D2E = {
						CreatedOnToolsVersion = 16.0;
						TestTargetID = DB7FE0B72CB2CCF3008B7D2E;
					};
				};
			};
			buildConfigurationList = DB7FE0B32CB2CCF3008B7D2E /* Build configuration list for PBXProject "ADD.3.0" */;
			developmentRegion = en;
			hasScannedForEncodings = 0;
			knownRegions = (
				en,
				Base,
			);
			mainGroup = DB7FE0AF2CB2CCF3008B7D2E;
			minimizedProjectReferenceProxies = 1;
			preferredProjectObjectVersion = 77;
			productRefGroup = DB7FE0B92CB2CCF3008B7D2E /* Products */;
			projectDirPath = "";
			projectRoot = "";
			targets = (
				DB7FE0B72CB2CCF3008B7D2E /* ADD.3.0 */,
				DB7FE0C72CB2CCF5008B7D2E /* ADD.3.0Tests */,
				DB7FE0D12CB2CCF5008B7D2E /* ADD.3.0UITests */,
			);
		};
/* End PBXProject section */

/* Begin PBXResourcesBuildPhase section */
		DB7FE0B62CB2CCF3008B7D2E /* Resources */ = {
			isa = PBXResourcesBuildPhase;
			buildActionMask = 2147483647;
			files = (
			);
			runOnlyForDeploymentPostprocessing = 0;
		};
		DB7FE0C62CB2CCF5008B7D2E /* Resources */ = {
			isa = PBXResourcesBuildPhase;
			buildActionMask = 2147483647;
			files = (
			);
			runOnlyForDeploymentPostprocessing = 0;
		};
		DB7FE0D02CB2CCF5008B7D2E /* Resources */ = {
			isa = PBXResourcesBuildPhase;
			buildActionMask = 2147483647;
			files = (
			);
			runOnlyForDeploymentPostprocessing = 0;
		};
/* End PBXResourcesBuildPhase section */

/* Begin PBXSourcesBuildPhase section */
		DB7FE0B42CB2CCF3008B7D2E /* Sources */ = {
			isa = PBXSourcesBuildPhase;
			buildActionMask = 2147483647;
			files = (
			);
			runOnlyForDeploymentPostprocessing = 0;
		};
		DB7FE0C42CB2CCF5008B7D2E /* Sources */ = {
			isa = PBXSourcesBuildPhase;
			buildActionMask = 2147483647;
			files = (
			);
			runOnlyForDeploymentPostprocessing = 0;
		};
		DB7FE0CE2CB2CCF5008B7D2E /* Sources */ = {
			isa = PBXSourcesBuildPhase;
			buildActionMask = 2147483647;
			files = (
			);
			runOnlyForDeploymentPostprocessing = 0;
		};
/* End PBXSourcesBuildPhase section */

/* Begin PBXTargetDependency section */
		DB7FE0CA2CB2CCF5008B7D2E /* PBXTargetDependency */ = {
			isa = PBXTargetDependency;
			target = DB7FE0B72CB2CCF3008B7D2E /* ADD.3.0 */;
			targetProxy = DB7FE0C92CB2CCF5008B7D2E /* PBXContainerItemProxy */;
		};
		DB7FE0D42CB2CCF5008B7D2E /* PBXTargetDependency */ = {
			isa = PBXTargetDependency;
			target = DB7FE0B72CB2CCF3008B7D2E /* ADD.3.0 */;
			targetProxy = DB7FE0D32CB2CCF5008B7D2E /* PBXContainerItemProxy */;
		};
/* End PBXTargetDependency section */

/* Begin XCBuildConfiguration section */
		DB7FE0DA2CB2CCF5008B7D2E /* Debug */ = {
			isa = XCBuildConfiguration;
			buildSettings = {
				ALWAYS_SEARCH_USER_PATHS = NO;
				ASSETCATALOG_COMPILER_GENERATE_SWIFT_ASSET_SYMBOL_EXTENSIONS = YES;
				CLANG_ANALYZER_NONNULL = YES;
				CLANG_ANALYZER_NUMBER_OBJECT_CONVERSION = YES_AGGRESSIVE;
				CLANG_CXX_LANGUAGE_STANDARD = "gnu++20";
				CLANG_ENABLE_MODULES = YES;
				CLANG_ENABLE_OBJC_ARC = YES;
				CLANG_ENABLE_OBJC_WEAK = YES;
				CLANG_WARN_BLOCK_CAPTURE_AUTORELEASING = YES;
				CLANG_WARN_BOOL_CONVERSION = YES;
				CLANG_WARN_COMMA = YES;
				CLANG_WARN_CONSTANT_CONVERSION = YES;
				CLANG_WARN_DEPRECATED_OBJC_IMPLEMENTATIONS = YES;
				CLANG_WARN_DIRECT_OBJC_ISA_USAGE = YES_ERROR;
				CLANG_WARN_DOCUMENTATION_COMMENTS = YES;
				CLANG_WARN_EMPTY_BODY = YES;
				CLANG_WARN_ENUM_CONVERSION = YES;
				CLANG_WARN_INFINITE_RECURSION = YES;
				CLANG_WARN_INT_CONVERSION = YES;
				CLANG_WARN_NON_LITERAL_NULL_CONVERSION = YES;
				CLANG_WARN_OBJC_IMPLICIT_RETAIN_SELF = YES;
				CLANG_WARN_OBJC_LITERAL_CONVERSION = YES;
				CLANG_WARN_OBJC_ROOT_CLASS = YES_ERROR;
				CLANG_WARN_QUOTED_INCLUDE_IN_FRAMEWORK_HEADER = YES;
				CLANG_WARN_RANGE_LOOP_ANALYSIS = YES;
				CLANG_WARN_STRICT_PROTOTYPES = YES;
				CLANG_WARN_SUSPICIOUS_MOVE = YES;
				CLANG_WARN_UNGUARDED_AVAILABILITY = YES_AGGRESSIVE;
				CLANG_WARN_UNREACHABLE_CODE = YES;
				CLANG_WARN__DUPLICATE_METHOD_MATCH = YES;
				COPY_PHASE_STRIP = NO;
				DEBUG_INFORMATION_FORMAT = dwarf;
				ENABLE_STRICT_OBJC_MSGSEND = YES;
				ENABLE_TESTABILITY = YES;
				ENABLE_USER_SCRIPT_SANDBOXING = YES;
				GCC_C_LANGUAGE_STANDARD = gnu17;
				GCC_DYNAMIC_NO_PIC = NO;
				GCC_NO_COMMON_BLOCKS = YES;
				GCC_OPTIMIZATION_LEVEL = 0;
				GCC_PREPROCESSOR_DEFINITIONS = (
					"DEBUG=1",
					"$(inherited)",
				);
				GCC_WARN_64_TO_32_BIT_CONVERSION = YES;
				GCC_WARN_ABOUT_RETURN_TYPE = YES_ERROR;
				GCC_WARN_UNDECLARED_SELECTOR = YES;
				GCC_WARN_UNINITIALIZED_AUTOS = YES_AGGRESSIVE;
				GCC_WARN_UNUSED_FUNCTION = YES;
				GCC_WARN_UNUSED_VARIABLE = YES;
				IPHONEOS_DEPLOYMENT_TARGET = 18.0;
				LOCALIZATION_PREFERS_STRING_CATALOGS = YES;
				MTL_ENABLE_DEBUG_INFO = INCLUDE_SOURCE;
				MTL_FAST_MATH = YES;
				ONLY_ACTIVE_ARCH = YES;
				SDKROOT = iphoneos;
				SWIFT_ACTIVE_COMPILATION_CONDITIONS = "DEBUG $(inherited)";
				SWIFT_OPTIMIZATION_LEVEL = "-Onone";
			};
			name = Debug;
		};
		DB7FE0DB2CB2CCF5008B7D2E /* Release */ = {
			isa = XCBuildConfiguration;
			buildSettings = {
				ALWAYS_SEARCH_USER_PATHS = NO;
				ASSETCATALOG_COMPILER_GENERATE_SWIFT_ASSET_SYMBOL_EXTENSIONS = YES;
				CLANG_ANALYZER_NONNULL = YES;
				CLANG_ANALYZER_NUMBER_OBJECT_CONVERSION = YES_AGGRESSIVE;
				CLANG_CXX_LANGUAGE_STANDARD = "gnu++20";
				CLANG_ENABLE_MODULES = YES;
				CLANG_ENABLE_OBJC_ARC = YES;
				CLANG_ENABLE_OBJC_WEAK = YES;
				CLANG_WARN_BLOCK_CAPTURE_AUTORELEASING = YES;
				CLANG_WARN_BOOL_CONVERSION = YES;
				CLANG_WARN_COMMA = YES;
				CLANG_WARN_CONSTANT_CONVERSION = YES;
				CLANG_WARN_DEPRECATED_OBJC_IMPLEMENTATIONS = YES;
				CLANG_WARN_DIRECT_OBJC_ISA_USAGE = YES_ERROR;
				CLANG_WARN_DOCUMENTATION_COMMENTS = YES;
				CLANG_WARN_EMPTY_BODY = YES;
				CLANG_WARN_ENUM_CONVERSION = YES;
				CLANG_WARN_INFINITE_RECURSION = YES;
				CLANG_WARN_INT_CONVERSION = YES;
				CLANG_WARN_NON_LITERAL_NULL_CONVERSION = YES;
				CLANG_WARN_OBJC_IMPLICIT_RETAIN_SELF = YES;
				CLANG_WARN_OBJC_LITERAL_CONVERSION = YES;
				CLANG_WARN_OBJC_ROOT_CLASS = YES_ERROR;
				CLANG_WARN_QUOTED_INCLUDE_IN_FRAMEWORK_HEADER = YES;
				CLANG_WARN_RANGE_LOOP_ANALYSIS = YES;
				CLANG_WARN_STRICT_PROTOTYPES = YES;
				CLANG_WARN_SUSPICIOUS_MOVE = YES;
				CLANG_WARN_UNGUARDED_AVAILABILITY = YES_AGGRESSIVE;
				CLANG_WARN_UNREACHABLE_CODE = YES;
				CLANG_WARN__DUPLICATE_METHOD_MATCH = YES;
				COPY_PHASE_STRIP = NO;
				DEBUG_INFORMATION_FORMAT = "dwarf-with-dsym";
				ENABLE_NS_ASSERTIONS = NO;
				ENABLE_STRICT_OBJC_MSGSEND = YES;
				ENABLE_USER_SCRIPT_SANDBOXING = YES;
				GCC_C_LANGUAGE_STANDARD = gnu17;
				GCC_NO_COMMON_BLOCKS = YES;
				GCC_WARN_64_TO_32_BIT_CONVERSION = YES;
				GCC_WARN_ABOUT_RETURN_TYPE = YES_ERROR;
				GCC_WARN_UNDECLARED_SELECTOR = YES;
				GCC_WARN_UNINITIALIZED_AUTOS = YES_AGGRESSIVE;
				GCC_WARN_UNUSED_FUNCTION = YES;
				GCC_WARN_UNUSED_VARIABLE = YES;
				IPHONEOS_DEPLOYMENT_TARGET = 18.0;
				LOCALIZATION_PREFERS_STRING_CATALOGS = YES;
				MTL_ENABLE_DEBUG_INFO = NO;
				MTL_FAST_MATH = YES;
				SDKROOT = iphoneos;
				SWIFT_COMPILATION_MODE = wholemodule;
				VALIDATE_PRODUCT = YES;
			};
			name = Release;
		};
		DB7FE0DD2CB2CCF5008B7D2E /* Debug */ = {
			isa = XCBuildConfiguration;
			buildSettings = {
				ASSETCATALOG_COMPILER_APPICON_NAME = AppIcon;
				ASSETCATALOG_COMPILER_GLOBAL_ACCENT_COLOR_NAME = AccentColor;
				CODE_SIGN_STYLE = Automatic;
				CURRENT_PROJECT_VERSION = 1;
				DEVELOPMENT_ASSET_PATHS = "\"ADD.3.0/Preview Content\"";
				ENABLE_PREVIEWS = YES;
				GENERATE_INFOPLIST_FILE = YES;
				INFOPLIST_KEY_UIApplicationSceneManifest_Generation = YES;
				INFOPLIST_KEY_UIApplicationSupportsIndirectInputEvents = YES;
				INFOPLIST_KEY_UILaunchScreen_Generation = YES;
				INFOPLIST_KEY_UISupportedInterfaceOrientations_iPad = "UIInterfaceOrientationPortrait UIInterfaceOrientationPortraitUpsideDown UIInterfaceOrientationLandscapeLeft UIInterfaceOrientationLandscapeRight";
				INFOPLIST_KEY_UISupportedInterfaceOrientations_iPhone = "UIInterfaceOrientationPortrait UIInterfaceOrientationLandscapeLeft UIInterfaceOrientationLandscapeRight";
				LD_RUNPATH_SEARCH_PATHS = (
					"$(inherited)",
					"@executable_path/Frameworks",
				);
				MARKETING_VERSION = 1.0;
				PRODUCT_BUNDLE_IDENTIFIER = "Y.ADD-3-0";
				PRODUCT_NAME = "$(TARGET_NAME)";
				SWIFT_EMIT_LOC_STRINGS = YES;
				SWIFT_VERSION = 5.0;
				TARGETED_DEVICE_FAMILY = "1,2";
			};
			name = Debug;
		};
		DB7FE0DE2CB2CCF5008B7D2E /* Release */ = {
			isa = XCBuildConfiguration;
			buildSettings = {
				ASSETCATALOG_COMPILER_APPICON_NAME = AppIcon;
				ASSETCATALOG_COMPILER_GLOBAL_ACCENT_COLOR_NAME = AccentColor;
				CODE_SIGN_STYLE = Automatic;
				CURRENT_PROJECT_VERSION = 1;
				DEVELOPMENT_ASSET_PATHS = "\"ADD.3.0/Preview Content\"";
				ENABLE_PREVIEWS = YES;
				GENERATE_INFOPLIST_FILE = YES;
				INFOPLIST_KEY_UIApplicationSceneManifest_Generation = YES;
				INFOPLIST_KEY_UIApplicationSupportsIndirectInputEvents = YES;
				INFOPLIST_KEY_UILaunchScreen_Generation = YES;
				INFOPLIST_KEY_UISupportedInterfaceOrientations_iPad = "UIInterfaceOrientationPortrait UIInterfaceOrientationPortraitUpsideDown UIInterfaceOrientationLandscapeLeft UIInterfaceOrientationLandscapeRight";
				INFOPLIST_KEY_UISupportedInterfaceOrientations_iPhone = "UIInterfaceOrientationPortrait UIInterfaceOrientationLandscapeLeft UIInterfaceOrientationLandscapeRight";
				LD_RUNPATH_SEARCH_PATHS = (
					"$(inherited)",
					"@executable_path/Frameworks",
				);
				MARKETING_VERSION = 1.0;
				PRODUCT_BUNDLE_IDENTIFIER = "Y.ADD-3-0";
				PRODUCT_NAME = "$(TARGET_NAME)";
				SWIFT_EMIT_LOC_STRINGS = YES;
				SWIFT_VERSION = 5.0;
				TARGETED_DEVICE_FAMILY = "1,2";
			};
			name = Release;
		};
		DB7FE0E02CB2CCF5008B7D2E /* Debug */ = {
			isa = XCBuildConfiguration;
			buildSettings = {
				BUNDLE_LOADER = "$(TEST_HOST)";
				CODE_SIGN_STYLE = Automatic;
				CURRENT_PROJECT_VERSION = 1;
				GENERATE_INFOPLIST_FILE = YES;
				IPHONEOS_DEPLOYMENT_TARGET = 18.0;
				MARKETING_VERSION = 1.0;
				PRODUCT_BUNDLE_IDENTIFIER = "Y.ADD-3-0Tests";
				PRODUCT_NAME = "$(TARGET_NAME)";
				SWIFT_EMIT_LOC_STRINGS = NO;
				SWIFT_VERSION = 5.0;
				TARGETED_DEVICE_FAMILY = "1,2";
				TEST_HOST = "$(BUILT_PRODUCTS_DIR)/ADD.3.0.app/$(BUNDLE_EXECUTABLE_FOLDER_PATH)/ADD.3.0";
			};
			name = Debug;
		};
		DB7FE0E12CB2CCF5008B7D2E /* Release */ = {
			isa = XCBuildConfiguration;
			buildSettings = {
				BUNDLE_LOADER = "$(TEST_HOST)";
				CODE_SIGN_STYLE = Automatic;
				CURRENT_PROJECT_VERSION = 1;
				GENERATE_INFOPLIST_FILE = YES;
				IPHONEOS_DEPLOYMENT_TARGET = 18.0;
				MARKETING_VERSION = 1.0;
				PRODUCT_BUNDLE_IDENTIFIER = "Y.ADD-3-0Tests";
				PRODUCT_NAME = "$(TARGET_NAME)";
				SWIFT_EMIT_LOC_STRINGS = NO;
				SWIFT_VERSION = 5.0;
				TARGETED_DEVICE_FAMILY = "1,2";
				TEST_HOST = "$(BUILT_PRODUCTS_DIR)/ADD.3.0.app/$(BUNDLE_EXECUTABLE_FOLDER_PATH)/ADD.3.0";
			};
			name = Release;
		};
		DB7FE0E32CB2CCF5008B7D2E /* Debug */ = {
			isa = XCBuildConfiguration;
			buildSettings = {
				CODE_SIGN_STYLE = Automatic;
				CURRENT_PROJECT_VERSION = 1;
				GENERATE_INFOPLIST_FILE = YES;
				MARKETING_VERSION = 1.0;
				PRODUCT_BUNDLE_IDENTIFIER = "Y.ADD-3-0UITests";
				PRODUCT_NAME = "$(TARGET_NAME)";
				SWIFT_EMIT_LOC_STRINGS = NO;
				SWIFT_VERSION = 5.0;
				TARGETED_DEVICE_FAMILY = "1,2";
				TEST_TARGET_NAME = ADD.3.0;
			};
			name = Debug;
		};
		DB7FE0E42CB2CCF5008B7D2E /* Release */ = {
			isa = XCBuildConfiguration;
			buildSettings = {
				CODE_SIGN_STYLE = Automatic;
				CURRENT_PROJECT_VERSION = 1;
				GENERATE_INFOPLIST_FILE = YES;
				MARKETING_VERSION = 1.0;
				PRODUCT_BUNDLE_IDENTIFIER = "Y.ADD-3-0UITests";
				PRODUCT_NAME = "$(TARGET_NAME)";
				SWIFT_EMIT_LOC_STRINGS = NO;
				SWIFT_VERSION = 5.0;
				TARGETED_DEVICE_FAMILY = "1,2";
				TEST_TARGET_NAME = ADD.3.0;
			};
			name = Release;
		};
/* End XCBuildConfiguration section */

/* Begin XCConfigurationList section */
		DB7FE0B32CB2CCF3008B7D2E /* Build configuration list for PBXProject "ADD.3.0" */ = {
			isa = XCConfigurationList;
			buildConfigurations = (
				DB7FE0DA2CB2CCF5008B7D2E /* Debug */,
				DB7FE0DB2CB2CCF5008B7D2E /* Release */,
			);
			defaultConfigurationIsVisible = 0;
			defaultConfigurationName = Release;
		};
		DB7FE0DC2CB2CCF5008B7D2E /* Build configuration list for PBXNativeTarget "ADD.3.0" */ = {
			isa = XCConfigurationList;
			buildConfigurations = (
				DB7FE0DD2CB2CCF5008B7D2E /* Debug */,
				DB7FE0DE2CB2CCF5008B7D2E /* Release */,
			);
			defaultConfigurationIsVisible = 0;
			defaultConfigurationName = Release;
		};
		DB7FE0DF2CB2CCF5008B7D2E /* Build configuration list for PBXNativeTarget "ADD.3.0Tests" */ = {
			isa = XCConfigurationList;
			buildConfigurations = (
				DB7FE0E02CB2CCF5008B7D2E /* Debug */,
				DB7FE0E12CB2CCF5008B7D2E /* Release */,
			);
			defaultConfigurationIsVisible = 0;
			defaultConfigurationName = Release;
		};
		DB7FE0E22CB2CCF5008B7D2E /* Build configuration list for PBXNativeTarget "ADD.3.0UITests" */ = {
			isa = XCConfigurationList;
			buildConfigurations = (
				DB7FE0E32CB2CCF5008B7D2E /* Debug */,
				DB7FE0E42CB2CCF5008B7D2E /* Release */,
			);
			defaultConfigurationIsVisible = 0;
			defaultConfigurationName = Release;
		};
/* End XCConfigurationList section */
	};
	rootObject = DB7FE0B02CB2CCF3008B7D2E /* Project object */;
}
